
Microsoft Visual Studio Solution File, Format Version 12.00
# Visual Studio Version 17
VisualStudioVersion = 17.5.33530.505
MinimumVisualStudioVersion = 10.0.40219.1
Project("{FAE04EC0-301F-11D3-BF4B-00C04F79EFBC}") = "Task_01", "IJunior_Summer_Camp\Task_01.csproj", "{73E74C52-8609-4EF5-8C1A-5528A8BE81D8}"
EndProject
Global
	GlobalSection(SolutionConfigurationPlatforms) = preSolution
		Debug|Any CPU = Debug|Any CPU
		Release|Any CPU = Release|Any CPU
	EndGlobalSection
	GlobalSection(ProjectConfigurationPlatforms) = postSolution
		{73E74C52-8609-4EF5-8C1A-5528A8BE81D8}.Debug|Any CPU.ActiveCfg = Debug|Any CPU
		{73E74C52-8609-4EF5-8C1A-5528A8BE81D8}.Debug|Any CPU.Build.0 = Debug|Any CPU
		{73E74C52-8609-4EF5-8C1A-5528A8BE81D8}.Release|Any CPU.ActiveCfg = Release|Any CPU
		{73E74C52-8609-4EF5-8C1A-5528A8BE81D8}.Release|Any CPU.Build.0 = Release|Any CPU
	EndGlobalSection
	GlobalSection(SolutionProperties) = preSolution
		HideSolutionNode = FALSE
	EndGlobalSection
	GlobalSection(ExtensibilityGlobals) = postSolution
		SolutionGuid = {7474DFF1-2411-4FF8-BF19-78B20620DEC9}
	EndGlobalSection
EndGlobal
